<?xml version="1.0" encoding="utf-8"?>
<Project ToolsVersion="4.0" xmlns="http://schemas.microsoft.com/developer/msbuild/2003">
  <ItemGroup>
    <Filter Include="Source">
      <UniqueIdentifier>{1b9b5737-1dc7-4f83-9628-9fcaf46f2949}</UniqueIdentifier>
    </Filter>
    <Filter Include="Source\Graphics">
      <UniqueIdentifier>{1900032e-39fa-49d8-8443-2545cc9f6c01}</UniqueIdentifier>
    </Filter>
  </ItemGroup>
  <ItemGroup>
    <ClCompile Include="..\source\main.cpp">
      <Filter>Source</Filter>
    </ClCompile>
    <ClCompile Include="..\source\Graphics\ResourceManager.cpp">
      <Filter>Source\Graphics</Filter>
    </ClCompile>
    <ClCompile Include="..\source\Graphics\Shader.cpp">
      <Filter>Source\Graphics</Filter>
    </ClCompile>
    <ClCompile Include="..\source\Graphics\GraphicalResource.cpp">
      <Filter>Source\Graphics</Filter>
    </ClCompile>
    <ClCompile Include="..\source\Graphics\Model.cpp">
      <Filter>Source\Graphics</Filter>
    </ClCompile>
    <ClCompile Include="..\source\Graphics\Mesh.cpp">
      <Filter>Source\Graphics</Filter>
    </ClCompile>
    <ClCompile Include="..\source\Graphics\BaseGraphicsApplication.cpp">
      <Filter>Source\Graphics</Filter>
    </ClCompile>
    <ClCompile Include="..\source\Graphics\Camera.cpp">
      <Filter>Source\Graphics</Filter>
    </ClCompile>
    <ClCompile Include="..\source\App.cpp">
      <Filter>Source</Filter>
    </ClCompile>
    <ClCompile Include="..\source\Graphics\InputHandler.cpp">
      <Filter>Source\Graphics</Filter>
    </ClCompile>
  </ItemGroup>
  <ItemGroup>
    <ClInclude Include="..\source\Graphics\ResourceManager.hpp">
      <Filter>Source\Graphics</Filter>
    </ClInclude>
    <ClInclude Include="..\source\Graphics\Shader.hpp">
      <Filter>Source\Graphics</Filter>
    </ClInclude>
    <ClInclude Include="..\source\Graphics\GraphicalResource.hpp">
      <Filter>Source\Graphics</Filter>
    </ClInclude>
    <ClInclude Include="..\source\Graphics\Model.hpp">
      <Filter>Source\Graphics</Filter>
    </ClInclude>
    <ClInclude Include="..\source\Graphics\Mesh.hpp">
      <Filter>Source\Graphics</Filter>
    </ClInclude>
    <ClInclude Include="..\source\Graphics\BaseGraphicsApplication.hpp">
      <Filter>Source\Graphics</Filter>
    </ClInclude>
    <ClInclude Include="..\source\Graphics\Camera.hpp">
      <Filter>Source\Graphics</Filter>
    </ClInclude>
    <ClInclude Include="..\source\App.hpp">
      <Filter>Source</Filter>
    </ClInclude>
    <ClInclude Include="..\source\Graphics\InputHandler.hpp">
      <Filter>Source\Graphics</Filter>
    </ClInclude>
  </ItemGroup>
</Project>